// !$*UTF8*$!
{
	archiveVersion = 1;
	classes = {
	};
	objectVersion = 50;
	objects = {

/* Begin PBXBuildFile section */
		03029A2521BC683200DDE87D /* HighScore+CoreDataClass.swift in Sources */ = {isa = PBXBuildFile; fileRef = 03029A2321BC683200DDE87D /* HighScore+CoreDataClass.swift */; };
		03029A2621BC683200DDE87D /* HighScore+CoreDataProperties.swift in Sources */ = {isa = PBXBuildFile; fileRef = 03029A2421BC683200DDE87D /* HighScore+CoreDataProperties.swift */; };
		03032F0621C0BF6200994F47 /* miiRemix.mp3 in Resources */ = {isa = PBXBuildFile; fileRef = 03032F0521C0BF6200994F47 /* miiRemix.mp3 */; };
		0359FC4221AC973800311A6A /* AppDelegate.swift in Sources */ = {isa = PBXBuildFile; fileRef = 0359FC4121AC973800311A6A /* AppDelegate.swift */; };
		0359FC4421AC973800311A6A /* GameScene.sks in Resources */ = {isa = PBXBuildFile; fileRef = 0359FC4321AC973800311A6A /* GameScene.sks */; };
		0359FC4621AC973800311A6A /* Actions.sks in Resources */ = {isa = PBXBuildFile; fileRef = 0359FC4521AC973800311A6A /* Actions.sks */; };
		0359FC4821AC973800311A6A /* GameScene.swift in Sources */ = {isa = PBXBuildFile; fileRef = 0359FC4721AC973800311A6A /* GameScene.swift */; };
		0359FC4A21AC973800311A6A /* GameViewController.swift in Sources */ = {isa = PBXBuildFile; fileRef = 0359FC4921AC973800311A6A /* GameViewController.swift */; };
		0359FC4D21AC973800311A6A /* Main.storyboard in Resources */ = {isa = PBXBuildFile; fileRef = 0359FC4B21AC973800311A6A /* Main.storyboard */; };
		0359FC4F21AC973A00311A6A /* Assets.xcassets in Resources */ = {isa = PBXBuildFile; fileRef = 0359FC4E21AC973A00311A6A /* Assets.xcassets */; };
		0359FC5221AC973A00311A6A /* LaunchScreen.storyboard in Resources */ = {isa = PBXBuildFile; fileRef = 0359FC5021AC973A00311A6A /* LaunchScreen.storyboard */; };
		038B0BEE21ACAB0D00D3C8C9 /* mainMenuViewController.swift in Sources */ = {isa = PBXBuildFile; fileRef = 038B0BED21ACAB0D00D3C8C9 /* mainMenuViewController.swift */; };
		038B0BF021ACAE8100D3C8C9 /* settingsViewController.swift in Sources */ = {isa = PBXBuildFile; fileRef = 038B0BEF21ACAE8100D3C8C9 /* settingsViewController.swift */; };
		038B0BF221ACAFC600D3C8C9 /* gameOverViewController.swift in Sources */ = {isa = PBXBuildFile; fileRef = 038B0BF121ACAFC600D3C8C9 /* gameOverViewController.swift */; };
		038B0BF521ACB33E00D3C8C9 /* highScore.xcdatamodeld in Sources */ = {isa = PBXBuildFile; fileRef = 038B0BF321ACB33E00D3C8C9 /* highScore.xcdatamodeld */; };
/* End PBXBuildFile section */

/* Begin PBXFileReference section */
		03029A2321BC683200DDE87D /* HighScore+CoreDataClass.swift */ = {isa = PBXFileReference; lastKnownFileType = sourcecode.swift; path = "HighScore+CoreDataClass.swift"; sourceTree = "<group>"; };
		03029A2421BC683200DDE87D /* HighScore+CoreDataProperties.swift */ = {isa = PBXFileReference; lastKnownFileType = sourcecode.swift; path = "HighScore+CoreDataProperties.swift"; sourceTree = "<group>"; };
		03032F0521C0BF6200994F47 /* miiRemix.mp3 */ = {isa = PBXFileReference; lastKnownFileType = audio.mp3; path = miiRemix.mp3; sourceTree = "<group>"; };
		0359FC3E21AC973800311A6A /* demoStuff.app */ = {isa = PBXFileReference; explicitFileType = wrapper.application; includeInIndex = 0; path = demoStuff.app; sourceTree = BUILT_PRODUCTS_DIR; };
		0359FC4121AC973800311A6A /* AppDelegate.swift */ = {isa = PBXFileReference; lastKnownFileType = sourcecode.swift; path = AppDelegate.swift; sourceTree = "<group>"; };
		0359FC4321AC973800311A6A /* GameScene.sks */ = {isa = PBXFileReference; lastKnownFileType = file.sks; path = GameScene.sks; sourceTree = "<group>"; };
		0359FC4521AC973800311A6A /* Actions.sks */ = {isa = PBXFileReference; lastKnownFileType = file.sks; path = Actions.sks; sourceTree = "<group>"; };
		0359FC4721AC973800311A6A /* GameScene.swift */ = {isa = PBXFileReference; lastKnownFileType = sourcecode.swift; path = GameScene.swift; sourceTree = "<group>"; };
		0359FC4921AC973800311A6A /* GameViewController.swift */ = {isa = PBXFileReference; lastKnownFileType = sourcecode.swift; path = GameViewController.swift; sourceTree = "<group>"; };
		0359FC4C21AC973800311A6A /* Base */ = {isa = PBXFileReference; lastKnownFileType = file.storyboard; name = Base; path = Base.lproj/Main.storyboard; sourceTree = "<group>"; };
		0359FC4E21AC973A00311A6A /* Assets.xcassets */ = {isa = PBXFileReference; lastKnownFileType = folder.assetcatalog; path = Assets.xcassets; sourceTree = "<group>"; };
		0359FC5121AC973A00311A6A /* Base */ = {isa = PBXFileReference; lastKnownFileType = file.storyboard; name = Base; path = Base.lproj/LaunchScreen.storyboard; sourceTree = "<group>"; };
		0359FC5321AC973A00311A6A /* Info.plist */ = {isa = PBXFileReference; lastKnownFileType = text.plist.xml; path = Info.plist; sourceTree = "<group>"; };
		038B0BED21ACAB0D00D3C8C9 /* mainMenuViewController.swift */ = {isa = PBXFileReference; lastKnownFileType = sourcecode.swift; path = mainMenuViewController.swift; sourceTree = "<group>"; };
		038B0BEF21ACAE8100D3C8C9 /* settingsViewController.swift */ = {isa = PBXFileReference; lastKnownFileType = sourcecode.swift; path = settingsViewController.swift; sourceTree = "<group>"; };
		038B0BF121ACAFC600D3C8C9 /* gameOverViewController.swift */ = {isa = PBXFileReference; lastKnownFileType = sourcecode.swift; path = gameOverViewController.swift; sourceTree = "<group>"; };
		038B0BF421ACB33E00D3C8C9 /* highScore.xcdatamodel */ = {isa = PBXFileReference; lastKnownFileType = wrapper.xcdatamodel; path = highScore.xcdatamodel; sourceTree = "<group>"; };
/* End PBXFileReference section */

/* Begin PBXFrameworksBuildPhase section */
		0359FC3B21AC973800311A6A /* Frameworks */ = {
			isa = PBXFrameworksBuildPhase;
			buildActionMask = 2147483647;
			files = (
			);
			runOnlyForDeploymentPostprocessing = 0;
		};
/* End PBXFrameworksBuildPhase section */

/* Begin PBXGroup section */
		0359FC3521AC973800311A6A = {
			isa = PBXGroup;
			children = (
				0359FC4021AC973800311A6A /* demoStuff */,
				0359FC3F21AC973800311A6A /* Products */,
			);
			sourceTree = "<group>";
		};
		0359FC3F21AC973800311A6A /* Products */ = {
			isa = PBXGroup;
			children = (
				0359FC3E21AC973800311A6A /* demoStuff.app */,
			);
			name = Products;
			sourceTree = "<group>";
		};
		0359FC4021AC973800311A6A /* demoStuff */ = {
			isa = PBXGroup;
			children = (
				03029A2321BC683200DDE87D /* HighScore+CoreDataClass.swift */,
				03029A2421BC683200DDE87D /* HighScore+CoreDataProperties.swift */,
				0359FC4121AC973800311A6A /* AppDelegate.swift */,
				0359FC4321AC973800311A6A /* GameScene.sks */,
				0359FC4521AC973800311A6A /* Actions.sks */,
				0359FC4721AC973800311A6A /* GameScene.swift */,
				03032F0521C0BF6200994F47 /* miiRemix.mp3 */,
				0359FC4B21AC973800311A6A /* Main.storyboard */,
				038B0BF321ACB33E00D3C8C9 /* highScore.xcdatamodeld */,
				0359FC4921AC973800311A6A /* GameViewController.swift */,
				038B0BEF21ACAE8100D3C8C9 /* settingsViewController.swift */,
				038B0BF121ACAFC600D3C8C9 /* gameOverViewController.swift */,
				038B0BED21ACAB0D00D3C8C9 /* mainMenuViewController.swift */,
				0359FC4E21AC973A00311A6A /* Assets.xcassets */,
				0359FC5021AC973A00311A6A /* LaunchScreen.storyboard */,
				0359FC5321AC973A00311A6A /* Info.plist */,
			);
			path = demoStuff;
			sourceTree = "<group>";
		};
/* End PBXGroup section */

/* Begin PBXNativeTarget section */
		0359FC3D21AC973800311A6A /* demoStuff */ = {
			isa = PBXNativeTarget;
			buildConfigurationList = 0359FC5621AC973A00311A6A /* Build configuration list for PBXNativeTarget "demoStuff" */;
			buildPhases = (
				0359FC3A21AC973800311A6A /* Sources */,
				0359FC3B21AC973800311A6A /* Frameworks */,
				0359FC3C21AC973800311A6A /* Resources */,
			);
			buildRules = (
			);
			dependencies = (
			);
			name = demoStuff;
			productName = demoStuff;
			productReference = 0359FC3E21AC973800311A6A /* demoStuff.app */;
			productType = "com.apple.product-type.application";
		};
/* End PBXNativeTarget section */

/* Begin PBXProject section */
		0359FC3621AC973800311A6A /* Project object */ = {
			isa = PBXProject;
			attributes = {
				LastSwiftUpdateCheck = 1010;
				LastUpgradeCheck = 1010;
				ORGANIZATIONNAME = "Zachary Chucka";
				TargetAttributes = {
					0359FC3D21AC973800311A6A = {
						CreatedOnToolsVersion = 10.1;
					};
				};
			};
			buildConfigurationList = 0359FC3921AC973800311A6A /* Build configuration list for PBXProject "demoStuff" */;
			compatibilityVersion = "Xcode 9.3";
			developmentRegion = en;
			hasScannedForEncodings = 0;
			knownRegions = (
				en,
				Base,
			);
			mainGroup = 0359FC3521AC973800311A6A;
			productRefGroup = 0359FC3F21AC973800311A6A /* Products */;
			projectDirPath = "";
			projectRoot = "";
			targets = (
				0359FC3D21AC973800311A6A /* demoStuff */,
			);
		};
/* End PBXProject section */

/* Begin PBXResourcesBuildPhase section */
		0359FC3C21AC973800311A6A /* Resources */ = {
			isa = PBXResourcesBuildPhase;
			buildActionMask = 2147483647;
			files = (
				0359FC4D21AC973800311A6A /* Main.storyboard in Resources */,
				0359FC4421AC973800311A6A /* GameScene.sks in Resources */,
				0359FC4F21AC973A00311A6A /* Assets.xcassets in Resources */,
				0359FC5221AC973A00311A6A /* LaunchScreen.storyboard in Resources */,
				03032F0621C0BF6200994F47 /* miiRemix.mp3 in Resources */,
				0359FC4621AC973800311A6A /* Actions.sks in Resources */,
			);
			runOnlyForDeploymentPostprocessing = 0;
		};
/* End PBXResourcesBuildPhase section */

/* Begin PBXSourcesBuildPhase section */
		0359FC3A21AC973800311A6A /* Sources */ = {
			isa = PBXSourcesBuildPhase;
			buildActionMask = 2147483647;
			files = (
				03029A2521BC683200DDE87D /* HighScore+CoreDataClass.swift in Sources */,
				038B0BF221ACAFC600D3C8C9 /* gameOverViewController.swift in Sources */,
				03029A2621BC683200DDE87D /* HighScore+CoreDataProperties.swift in Sources */,
				038B0BF021ACAE8100D3C8C9 /* settingsViewController.swift in Sources */,
				038B0BF521ACB33E00D3C8C9 /* highScore.xcdatamodeld in Sources */,
				038B0BEE21ACAB0D00D3C8C9 /* mainMenuViewController.swift in Sources */,
				0359FC4821AC973800311A6A /* GameScene.swift in Sources */,
				0359FC4A21AC973800311A6A /* GameViewController.swift in Sources */,
				0359FC4221AC973800311A6A /* AppDelegate.swift in Sources */,
			);
			runOnlyForDeploymentPostprocessing = 0;
		};
/* End PBXSourcesBuildPhase section */

/* Begin PBXVariantGroup section */
		0359FC4B21AC973800311A6A /* Main.storyboard */ = {
			isa = PBXVariantGroup;
			children = (
				0359FC4C21AC973800311A6A /* Base */,
			);
			name = Main.storyboard;
			sourceTree = "<group>";
		};
		0359FC5021AC973A00311A6A /* LaunchScreen.storyboard */ = {
			isa = PBXVariantGroup;
			children = (
				0359FC5121AC973A00311A6A /* Base */,
			);
			name = LaunchScreen.storyboard;
			sourceTree = "<group>";
		};
/* End PBXVariantGroup section */

/* Begin XCBuildConfiguration section */
		0359FC5421AC973A00311A6A /* Debug */ = {
			isa = XCBuildConfiguration;
			buildSettings = {
				ALWAYS_SEARCH_USER_PATHS = NO;
				CLANG_ANALYZER_NONNULL = YES;
				CLANG_ANALYZER_NUMBER_OBJECT_CONVERSION = YES_AGGRESSIVE;
				CLANG_CXX_LANGUAGE_STANDARD = "gnu++14";
				CLANG_CXX_LIBRARY = "libc++";
				CLANG_ENABLE_MODULES = YES;
				CLANG_ENABLE_OBJC_ARC = YES;
				CLANG_ENABLE_OBJC_WEAK = YES;
				CLANG_WARN_BLOCK_CAPTURE_AUTORELEASING = YES;
				CLANG_WARN_BOOL_CONVERSION = YES;
				CLANG_WARN_COMMA = YES;
				CLANG_WARN_CONSTANT_CONVERSION = YES;
				CLANG_WARN_DEPRECATED_OBJC_IMPLEMENTATIONS = YES;
				CLANG_WARN_DIRECT_OBJC_ISA_USAGE = YES_ERROR;
				CLANG_WARN_DOCUMENTATION_COMMENTS = YES;
				CLANG_WARN_EMPTY_BODY = YES;
				CLANG_WARN_ENUM_CONVERSION = YES;
				CLANG_WARN_INFINITE_RECURSION = YES;
				CLANG_WARN_INT_CONVERSION = YES;
				CLANG_WARN_NON_LITERAL_NULL_CONVERSION = YES;
				CLANG_WARN_OBJC_IMPLICIT_RETAIN_SELF = YES;
				CLANG_WARN_OBJC_LITERAL_CONVERSION = YES;
				CLANG_WARN_OBJC_ROOT_CLASS = YES_ERROR;
				CLANG_WARN_RANGE_LOOP_ANALYSIS = YES;
				CLANG_WARN_STRICT_PROTOTYPES = YES;
				CLANG_WARN_SUSPICIOUS_MOVE = YES;
				CLANG_WARN_UNGUARDED_AVAILABILITY = YES_AGGRESSIVE;
				CLANG_WARN_UNREACHABLE_CODE = YES;
				CLANG_WARN__DUPLICATE_METHOD_MATCH = YES;
				CODE_SIGN_IDENTITY = "iPhone Developer";
				COPY_PHASE_STRIP = NO;
				DEBUG_INFORMATION_FORMAT = dwarf;
				ENABLE_STRICT_OBJC_MSGSEND = YES;
				ENABLE_TESTABILITY = YES;
				GCC_C_LANGUAGE_STANDARD = gnu11;
				GCC_DYNAMIC_NO_PIC = NO;
				GCC_NO_COMMON_BLOCKS = YES;
				GCC_OPTIMIZATION_LEVEL = 0;
				GCC_PREPROCESSOR_DEFINITIONS = (
					"DEBUG=1",
					"$(inherited)",
				);
				GCC_WARN_64_TO_32_BIT_CONVERSION = YES;
				GCC_WARN_ABOUT_RETURN_TYPE = YES_ERROR;
				GCC_WARN_UNDECLARED_SELECTOR = YES;
				GCC_WARN_UNINITIALIZED_AUTOS = YES_AGGRESSIVE;
				GCC_WARN_UNUSED_FUNCTION = YES;
				GCC_WARN_UNUSED_VARIABLE = YES;
				IPHONEOS_DEPLOYMENT_TARGET = 12.1;
				MTL_ENABLE_DEBUG_INFO = INCLUDE_SOURCE;
				MTL_FAST_MATH = YES;
				ONLY_ACTIVE_ARCH = YES;
				SDKROOT = iphoneos;
				SWIFT_ACTIVE_COMPILATION_CONDITIONS = DEBUG;
				SWIFT_OPTIMIZATION_LEVEL = "-Onone";
			};
			name = Debug;
		};
		0359FC5521AC973A00311A6A /* Release */ = {
			isa = XCBuildConfiguration;
			buildSettings = {
				ALWAYS_SEARCH_USER_PATHS = NO;
				CLANG_ANALYZER_NONNULL = YES;
				CLANG_ANALYZER_NUMBER_OBJECT_CONVERSION = YES_AGGRESSIVE;
				CLANG_CXX_LANGUAGE_STANDARD = "gnu++14";
				CLANG_CXX_LIBRARY = "libc++";
				CLANG_ENABLE_MODULES = YES;
				CLANG_ENABLE_OBJC_ARC = YES;
				CLANG_ENABLE_OBJC_WEAK = YES;
				CLANG_WARN_BLOCK_CAPTURE_AUTORELEASING = YES;
				CLANG_WARN_BOOL_CONVERSION = YES;
				CLANG_WARN_COMMA = YES;
				CLANG_WARN_CONSTANT_CONVERSION = YES;
				CLANG_WARN_DEPRECATED_OBJC_IMPLEMENTATIONS = YES;
				CLANG_WARN_DIRECT_OBJC_ISA_USAGE = YES_ERROR;
				CLANG_WARN_DOCUMENTATION_COMMENTS = YES;
				CLANG_WARN_EMPTY_BODY = YES;
				CLANG_WARN_ENUM_CONVERSION = YES;
				CLANG_WARN_INFINITE_RECURSION = YES;
				CLANG_WARN_INT_CONVERSION = YES;
				CLANG_WARN_NON_LITERAL_NULL_CONVERSION = YES;
				CLANG_WARN_OBJC_IMPLICIT_RETAIN_SELF = YES;
				CLANG_WARN_OBJC_LITERAL_CONVERSION = YES;
				CLANG_WARN_OBJC_ROOT_CLASS = YES_ERROR;
				CLANG_WARN_RANGE_LOOP_ANALYSIS = YES;
				CLANG_WARN_STRICT_PROTOTYPES = YES;
				CLANG_WARN_SUSPICIOUS_MOVE = YES;
				CLANG_WARN_UNGUARDED_AVAILABILITY = YES_AGGRESSIVE;
				CLANG_WARN_UNREACHABLE_CODE = YES;
				CLANG_WARN__DUPLICATE_METHOD_MATCH = YES;
				CODE_SIGN_IDENTITY = "iPhone Developer";
				COPY_PHASE_STRIP = NO;
				DEBUG_INFORMATION_FORMAT = "dwarf-with-dsym";
				ENABLE_NS_ASSERTIONS = NO;
				ENABLE_STRICT_OBJC_MSGSEND = YES;
				GCC_C_LANGUAGE_STANDARD = gnu11;
				GCC_NO_COMMON_BLOCKS = YES;
				GCC_WARN_64_TO_32_BIT_CONVERSION = YES;
				GCC_WARN_ABOUT_RETURN_TYPE = YES_ERROR;
				GCC_WARN_UNDECLARED_SELECTOR = YES;
				GCC_WARN_UNINITIALIZED_AUTOS = YES_AGGRESSIVE;
				GCC_WARN_UNUSED_FUNCTION = YES;
				GCC_WARN_UNUSED_VARIABLE = YES;
				IPHONEOS_DEPLOYMENT_TARGET = 12.1;
				MTL_ENABLE_DEBUG_INFO = NO;
				MTL_FAST_MATH = YES;
				SDKROOT = iphoneos;
				SWIFT_COMPILATION_MODE = wholemodule;
				SWIFT_OPTIMIZATION_LEVEL = "-O";
				VALIDATE_PRODUCT = YES;
			};
			name = Release;
		};
		0359FC5721AC973A00311A6A /* Debug */ = {
			isa = XCBuildConfiguration;
			buildSettings = {
				ASSETCATALOG_COMPILER_APPICON_NAME = AppIcon;
				CODE_SIGN_STYLE = Automatic;
				INFOPLIST_FILE = demoStuff/Info.plist;
				LD_RUNPATH_SEARCH_PATHS = (
					"$(inherited)",
					"@executable_path/Frameworks",
				);
				PRODUCT_BUNDLE_IDENTIFIER = www.zacharyChucka.demoStuff;
				PRODUCT_NAME = "$(TARGET_NAME)";
				SWIFT_VERSION = 4.2;
				TARGETED_DEVICE_FAMILY = "1,2";
			};
			name = Debug;
		};
		0359FC5821AC973A00311A6A /* Release */ = {
			isa = XCBuildConfiguration;
			buildSettings = {
				ASSETCATALOG_COMPILER_APPICON_NAME = AppIcon;
				CODE_SIGN_STYLE = Automatic;
				INFOPLIST_FILE = demoStuff/Info.plist;
				LD_RUNPATH_SEARCH_PATHS = (
					"$(inherited)",
					"@executable_path/Frameworks",
				);
				PRODUCT_BUNDLE_IDENTIFIER = www.zacharyChucka.demoStuff;
				PRODUCT_NAME = "$(TARGET_NAME)";
				SWIFT_VERSION = 4.2;
				TARGETED_DEVICE_FAMILY = "1,2";
			};
			name = Release;
		};
/* End XCBuildConfiguration section */

/* Begin XCConfigurationList section */
		0359FC3921AC973800311A6A /* Build configuration list for PBXProject "demoStuff" */ = {
			isa = XCConfigurationList;
			buildConfigurations = (
				0359FC5421AC973A00311A6A /* Debug */,
				0359FC5521AC973A00311A6A /* Release */,
			);
			defaultConfigurationIsVisible = 0;
			defaultConfigurationName = Release;
		};
		0359FC5621AC973A00311A6A /* Build configuration list for PBXNativeTarget "demoStuff" */ = {
			isa = XCConfigurationList;
			buildConfigurations = (
				0359FC5721AC973A00311A6A /* Debug */,
				0359FC5821AC973A00311A6A /* Release */,
			);
			defaultConfigurationIsVisible = 0;
			defaultConfigurationName = Release;
		};
/* End XCConfigurationList section */

/* Begin XCVersionGroup section */
		038B0BF321ACB33E00D3C8C9 /* highScore.xcdatamodeld */ = {
			isa = XCVersionGroup;
			children = (
				038B0BF421ACB33E00D3C8C9 /* highScore.xcdatamodel */,
			);
			currentVersion = 038B0BF421ACB33E00D3C8C9 /* highScore.xcdatamodel */;
			path = highScore.xcdatamodeld;
			sourceTree = "<group>";
			versionGroupType = wrapper.xcdatamodel;
		};
/* End XCVersionGroup section */
	};
	rootObject = 0359FC3621AC973800311A6A /* Project object */;
}
